
Microsoft Visual Studio Solution File, Format Version 12.00
# Visual Studio Version 16
VisualStudioVersion = 16.0.30204.135
MinimumVisualStudioVersion = 10.0.40219.1
Project("{8BC9CEB8-8B4A-11D0-8D11-00A0C91BC942}") = "p0622", "p0622\p0622.vcxproj", "{9738416A-B80B-470B-8348-DB4AF9DE2ECB}"
EndProject
Project("{2150E333-8FDC-42A3-9474-1A3956D46DE8}") = "Solution Items", "Solution Items", "{DF45EF37-A4EA-4E2D-987E-5B7F86CE5FE0}"
	ProjectSection(SolutionItems) = preProject
		README.md = README.md
	EndProjectSection
EndProject
Project("{8BC9CEB8-8B4A-11D0-8D11-00A0C91BC942}") = "p0623", "p0623\p0623.vcxproj", "{8000E2D3-0A1E-49C8-A02A-1646336D0CA7}"
EndProject
Project("{8BC9CEB8-8B4A-11D0-8D11-00A0C91BC942}") = "p0624", "p0624\p0624.vcxproj", "{7D80A9B5-F0E2-4CA6-A92D-665F7999423E}"
EndProject
Project("{8BC9CEB8-8B4A-11D0-8D11-00A0C91BC942}") = "p0626", "p0626\p0626.vcxproj", "{FC1B9A40-1916-4C01-A7F9-DEC2F96580C2}"
EndProject
Project("{8BC9CEB8-8B4A-11D0-8D11-00A0C91BC942}") = "p0711", "p0711\p0711.vcxproj", "{46198375-B782-429D-BE47-A5C2B105888E}"
EndProject
Global
	GlobalSection(SolutionConfigurationPlatforms) = preSolution
		Debug|x64 = Debug|x64
		Debug|x86 = Debug|x86
		Release|x64 = Release|x64
		Release|x86 = Release|x86
	EndGlobalSection
	GlobalSection(ProjectConfigurationPlatforms) = postSolution
		{9738416A-B80B-470B-8348-DB4AF9DE2ECB}.Debug|x64.ActiveCfg = Debug|x64
		{9738416A-B80B-470B-8348-DB4AF9DE2ECB}.Debug|x64.Build.0 = Debug|x64
		{9738416A-B80B-470B-8348-DB4AF9DE2ECB}.Debug|x86.ActiveCfg = Debug|Win32
		{9738416A-B80B-470B-8348-DB4AF9DE2ECB}.Debug|x86.Build.0 = Debug|Win32
		{9738416A-B80B-470B-8348-DB4AF9DE2ECB}.Release|x64.ActiveCfg = Release|x64
		{9738416A-B80B-470B-8348-DB4AF9DE2ECB}.Release|x64.Build.0 = Release|x64
		{9738416A-B80B-470B-8348-DB4AF9DE2ECB}.Release|x86.ActiveCfg = Release|Win32
		{9738416A-B80B-470B-8348-DB4AF9DE2ECB}.Release|x86.Build.0 = Release|Win32
		{8000E2D3-0A1E-49C8-A02A-1646336D0CA7}.Debug|x64.ActiveCfg = Debug|x64
		{8000E2D3-0A1E-49C8-A02A-1646336D0CA7}.Debug|x64.Build.0 = Debug|x64
		{8000E2D3-0A1E-49C8-A02A-1646336D0CA7}.Debug|x86.ActiveCfg = Debug|Win32
		{8000E2D3-0A1E-49C8-A02A-1646336D0CA7}.Debug|x86.Build.0 = Debug|Win32
		{8000E2D3-0A1E-49C8-A02A-1646336D0CA7}.Release|x64.ActiveCfg = Release|x64
		{8000E2D3-0A1E-49C8-A02A-1646336D0CA7}.Release|x64.Build.0 = Release|x64
		{8000E2D3-0A1E-49C8-A02A-1646336D0CA7}.Release|x86.ActiveCfg = Release|Win32
		{8000E2D3-0A1E-49C8-A02A-1646336D0CA7}.Release|x86.Build.0 = Release|Win32
		{7D80A9B5-F0E2-4CA6-A92D-665F7999423E}.Debug|x64.ActiveCfg = Debug|x64
		{7D80A9B5-F0E2-4CA6-A92D-665F7999423E}.Debug|x64.Build.0 = Debug|x64
		{7D80A9B5-F0E2-4CA6-A92D-665F7999423E}.Debug|x86.ActiveCfg = Debug|Win32
		{7D80A9B5-F0E2-4CA6-A92D-665F7999423E}.Debug|x86.Build.0 = Debug|Win32
		{7D80A9B5-F0E2-4CA6-A92D-665F7999423E}.Release|x64.ActiveCfg = Release|x64
		{7D80A9B5-F0E2-4CA6-A92D-665F7999423E}.Release|x64.Build.0 = Release|x64
		{7D80A9B5-F0E2-4CA6-A92D-665F7999423E}.Release|x86.ActiveCfg = Release|Win32
		{7D80A9B5-F0E2-4CA6-A92D-665F7999423E}.Release|x86.Build.0 = Release|Win32
		{FC1B9A40-1916-4C01-A7F9-DEC2F96580C2}.Debug|x64.ActiveCfg = Debug|x64
		{FC1B9A40-1916-4C01-A7F9-DEC2F96580C2}.Debug|x64.Build.0 = Debug|x64
		{FC1B9A40-1916-4C01-A7F9-DEC2F96580C2}.Debug|x86.ActiveCfg = Debug|Win32
		{FC1B9A40-1916-4C01-A7F9-DEC2F96580C2}.Debug|x86.Build.0 = Debug|Win32
		{FC1B9A40-1916-4C01-A7F9-DEC2F96580C2}.Release|x64.ActiveCfg = Release|x64
		{FC1B9A40-1916-4C01-A7F9-DEC2F96580C2}.Release|x64.Build.0 = Release|x64
		{FC1B9A40-1916-4C01-A7F9-DEC2F96580C2}.Release|x86.ActiveCfg = Release|Win32
		{FC1B9A40-1916-4C01-A7F9-DEC2F96580C2}.Release|x86.Build.0 = Release|Win32
		{46198375-B782-429D-BE47-A5C2B105888E}.Debug|x64.ActiveCfg = Debug|x64
		{46198375-B782-429D-BE47-A5C2B105888E}.Debug|x64.Build.0 = Debug|x64
		{46198375-B782-429D-BE47-A5C2B105888E}.Debug|x86.ActiveCfg = Debug|Win32
		{46198375-B782-429D-BE47-A5C2B105888E}.Debug|x86.Build.0 = Debug|Win32
		{46198375-B782-429D-BE47-A5C2B105888E}.Release|x64.ActiveCfg = Release|x64
		{46198375-B782-429D-BE47-A5C2B105888E}.Release|x64.Build.0 = Release|x64
		{46198375-B782-429D-BE47-A5C2B105888E}.Release|x86.ActiveCfg = Release|Win32
		{46198375-B782-429D-BE47-A5C2B105888E}.Release|x86.Build.0 = Release|Win32
	EndGlobalSection
	GlobalSection(SolutionProperties) = preSolution
		HideSolutionNode = FALSE
	EndGlobalSection
	GlobalSection(ExtensibilityGlobals) = postSolution
		SolutionGuid = {35CD8232-1D0D-46EC-A949-9E096C7DB75F}
	EndGlobalSection
EndGlobal
