<?xml version="1.0" encoding="utf-8"?>
<Project ToolsVersion="4.0" xmlns="http://schemas.microsoft.com/developer/msbuild/2003">
  <ItemGroup>
    <Filter Include="源文件">
      <UniqueIdentifier>{4FC737F1-C7A5-4376-A066-2A32D752A2FF}</UniqueIdentifier>
      <Extensions>cpp;c;cc;cxx;c++;def;odl;idl;hpj;bat;asm;asmx</Extensions>
    </Filter>
    <Filter Include="头文件">
      <UniqueIdentifier>{93995380-89BD-4b04-88EB-625FBE52EBFB}</UniqueIdentifier>
      <Extensions>h;hh;hpp;hxx;h++;hm;inl;inc;ipp;xsd</Extensions>
    </Filter>
    <Filter Include="资源文件">
      <UniqueIdentifier>{67DA6AB6-F800-4c08-8B7A-83BB121AAD01}</UniqueIdentifier>
      <Extensions>rc;ico;cur;bmp;dlg;rc2;rct;bin;rgs;gif;jpg;jpeg;jpe;resx;tiff;tif;png;wav;mfcribbon-ms</Extensions>
    </Filter>
  </ItemGroup>
  <ItemGroup>
    <ClCompile Include="p0624.cpp">
      <Filter>源文件</Filter>
    </ClCompile>
    <ClCompile Include="MergeList.cpp">
      <Filter>源文件</Filter>
    </ClCompile>
    <ClCompile Include="SwapNode.cpp">
      <Filter>源文件</Filter>
    </ClCompile>
    <ClCompile Include="ReverseNode.cpp">
      <Filter>源文件</Filter>
    </ClCompile>
    <ClCompile Include="RemoveDuplicate.cpp">
      <Filter>源文件</Filter>
    </ClCompile>
    <ClCompile Include="RemoveElement.cpp">
      <Filter>源文件</Filter>
    </ClCompile>
    <ClCompile Include="StrStr.cpp">
      <Filter>源文件</Filter>
    </ClCompile>
    <ClCompile Include="DivideInt.cpp">
      <Filter>源文件</Filter>
    </ClCompile>
    <ClCompile Include="SubstringIndex.cpp">
      <Filter>源文件</Filter>
    </ClCompile>
    <ClCompile Include="NextPermutation.cpp">
      <Filter>源文件</Filter>
    </ClCompile>
    <ClCompile Include="RotatedArray.cpp">
      <Filter>源文件</Filter>
    </ClCompile>
    <ClCompile Include="SearchRange.cpp">
      <Filter>源文件</Filter>
    </ClCompile>
    <ClCompile Include="SearchInsert.cpp">
      <Filter>源文件</Filter>
    </ClCompile>
    <ClCompile Include="SudokuValid.cpp">
      <Filter>源文件</Filter>
    </ClCompile>
    <ClCompile Include="SudokuSolve.cpp">
      <Filter>源文件</Filter>
    </ClCompile>
  </ItemGroup>
  <ItemGroup>
    <ClInclude Include="p0624.h">
      <Filter>头文件</Filter>
    </ClInclude>
    <ClInclude Include="ListNode.h">
      <Filter>头文件</Filter>
    </ClInclude>
    <ClInclude Include="MergeList.h">
      <Filter>头文件</Filter>
    </ClInclude>
    <ClInclude Include="SwapNode.h">
      <Filter>头文件</Filter>
    </ClInclude>
    <ClInclude Include="ReverseNode.h">
      <Filter>头文件</Filter>
    </ClInclude>
    <ClInclude Include="RemoveDuplicate.h">
      <Filter>头文件</Filter>
    </ClInclude>
    <ClInclude Include="RemoveElement.h">
      <Filter>头文件</Filter>
    </ClInclude>
    <ClInclude Include="StrStr.h">
      <Filter>头文件</Filter>
    </ClInclude>
    <ClInclude Include="DivideInt.h">
      <Filter>头文件</Filter>
    </ClInclude>
    <ClInclude Include="SubstringIndex.h">
      <Filter>头文件</Filter>
    </ClInclude>
    <ClInclude Include="NextPermutation.h">
      <Filter>头文件</Filter>
    </ClInclude>
    <ClInclude Include="RotatedArray.h">
      <Filter>头文件</Filter>
    </ClInclude>
    <ClInclude Include="SearchRange.h">
      <Filter>头文件</Filter>
    </ClInclude>
    <ClInclude Include="SearchInsert.h">
      <Filter>头文件</Filter>
    </ClInclude>
    <ClInclude Include="SudokuValid.h">
      <Filter>头文件</Filter>
    </ClInclude>
    <ClInclude Include="SudokuSolve.h">
      <Filter>头文件</Filter>
    </ClInclude>
  </ItemGroup>
</Project>